// !$*UTF8*$!
{
	archiveVersion = 1;
	classes = {
	};
	objectVersion = 56;
	objects = {

/* Begin PBXBuildFile section */
		8D11528129C1AEA000687C5C /* CoreData.framework in Frameworks */ = {isa = PBXBuildFile; fileRef = 8D11528029C1AEA000687C5C /* CoreData.framework */; };
		8D11528429C1AEEF00687C5C /* TrackerDataModel.xcdatamodeld in Sources */ = {isa = PBXBuildFile; fileRef = 8D11528229C1AEEF00687C5C /* TrackerDataModel.xcdatamodeld */; };
		8D11528729C1B5BC00687C5C /* TrackerStore.swift in Sources */ = {isa = PBXBuildFile; fileRef = 8D11528629C1B5BC00687C5C /* TrackerStore.swift */; };
		8D11528929C1B5CC00687C5C /* CategoryStore.swift in Sources */ = {isa = PBXBuildFile; fileRef = 8D11528829C1B5CC00687C5C /* CategoryStore.swift */; };
		8D11528B29C1B5DE00687C5C /* RecordStore.swift in Sources */ = {isa = PBXBuildFile; fileRef = 8D11528A29C1B5DE00687C5C /* RecordStore.swift */; };
		8D2A1C08299BC6C000213C8D /* EmojiCell.swift in Sources */ = {isa = PBXBuildFile; fileRef = 8D2A1C07299BC6C000213C8D /* EmojiCell.swift */; };
		8D2A1C0A299C8AE100213C8D /* Header.swift in Sources */ = {isa = PBXBuildFile; fileRef = 8D2A1C09299C8AE100213C8D /* Header.swift */; };
		8D2A1C0C299CB29A00213C8D /* ListCell.swift in Sources */ = {isa = PBXBuildFile; fileRef = 8D2A1C0B299CB29A00213C8D /* ListCell.swift */; };
		8D2A1C10299D0BE700213C8D /* SchedulerVC.swift in Sources */ = {isa = PBXBuildFile; fileRef = 8D2A1C0F299D0BE700213C8D /* SchedulerVC.swift */; };
		8D6A94012A3E9E6F00DCED90 /* CategoryViewModel.swift in Sources */ = {isa = PBXBuildFile; fileRef = 8D6A94002A3E9E6F00DCED90 /* CategoryViewModel.swift */; };
		8D6A94032A3ED77500DCED90 /* CategoryCellViewModel.swift in Sources */ = {isa = PBXBuildFile; fileRef = 8D6A94022A3ED77500DCED90 /* CategoryCellViewModel.swift */; };
		8D9A66922A3EEDC3000125AF /* CategoryView.swift in Sources */ = {isa = PBXBuildFile; fileRef = 8D9A66912A3EEDC3000125AF /* CategoryView.swift */; };
		8D9A66942A3F50D3000125AF /* Observable.swift in Sources */ = {isa = PBXBuildFile; fileRef = 8D9A66932A3F50D3000125AF /* Observable.swift */; };
		8D9FF56A299E490A009E91A8 /* SchedulerCell.swift in Sources */ = {isa = PBXBuildFile; fileRef = 8D9FF569299E490A009E91A8 /* SchedulerCell.swift */; };
		8DA0CB5C299B383F004BFE73 /* Button.swift in Sources */ = {isa = PBXBuildFile; fileRef = 8DA0CB5B299B383F004BFE73 /* Button.swift */; };
		8DA0CB5E299B4C70004BFE73 /* TrackerOrEventVC.swift in Sources */ = {isa = PBXBuildFile; fileRef = 8DA0CB5D299B4C70004BFE73 /* TrackerOrEventVC.swift */; };
		8DA0CB61299B9C67004BFE73 /* CreateTrackerVC.swift in Sources */ = {isa = PBXBuildFile; fileRef = 8DA0CB60299B9C67004BFE73 /* CreateTrackerVC.swift */; };
		8DA8DA2A29F51C91009AAAC9 /* NewCategoryVC.swift in Sources */ = {isa = PBXBuildFile; fileRef = 8DA8DA2929F51C91009AAAC9 /* NewCategoryVC.swift */; };
		8DADE0B1299D3184005942E2 /* InputCell.swift in Sources */ = {isa = PBXBuildFile; fileRef = 8DADE0B0299D3184005942E2 /* InputCell.swift */; };
		8DADE0B3299D5530005942E2 /* ColorCell.swift in Sources */ = {isa = PBXBuildFile; fileRef = 8DADE0B2299D5530005942E2 /* ColorCell.swift */; };
		8DAE17BB29E63BAD00DFBC9A /* WeekDaysSet.swift in Sources */ = {isa = PBXBuildFile; fileRef = 8DAE17BA29E63BAD00DFBC9A /* WeekDaysSet.swift */; };
		8DB392AC29941B680031D2E1 /* YSDisplay-Medium.ttf in Resources */ = {isa = PBXBuildFile; fileRef = 8DB392A929941B680031D2E1 /* YSDisplay-Medium.ttf */; };
		8DB392AD29941B680031D2E1 /* YSDisplay-Regular.ttf in Resources */ = {isa = PBXBuildFile; fileRef = 8DB392AA29941B680031D2E1 /* YSDisplay-Regular.ttf */; };
		8DB392AE29941B680031D2E1 /* YSDisplay-Bold.ttf in Resources */ = {isa = PBXBuildFile; fileRef = 8DB392AB29941B680031D2E1 /* YSDisplay-Bold.ttf */; };
		8DB392B02994D5230031D2E1 /* ShowPreviewUI.swift in Sources */ = {isa = PBXBuildFile; fileRef = 8DB392AF2994D5230031D2E1 /* ShowPreviewUI.swift */; };
		8DB392B229952B340031D2E1 /* WeekDay.swift in Sources */ = {isa = PBXBuildFile; fileRef = 8DB392B129952B340031D2E1 /* WeekDay.swift */; };
		8DB392B429952DA90031D2E1 /* Tracker.swift in Sources */ = {isa = PBXBuildFile; fileRef = 8DB392B329952DA90031D2E1 /* Tracker.swift */; };
		8DBA052C2993873E00E3604E /* AppDelegate.swift in Sources */ = {isa = PBXBuildFile; fileRef = 8DBA052B2993873E00E3604E /* AppDelegate.swift */; };
		8DBA052E2993873E00E3604E /* SceneDelegate.swift in Sources */ = {isa = PBXBuildFile; fileRef = 8DBA052D2993873E00E3604E /* SceneDelegate.swift */; };
		8DBA05302993873E00E3604E /* TrackerVС.swift in Sources */ = {isa = PBXBuildFile; fileRef = 8DBA052F2993873E00E3604E /* TrackerVС.swift */; };
		8DBA05352993873E00E3604E /* Assets.xcassets in Resources */ = {isa = PBXBuildFile; fileRef = 8DBA05342993873E00E3604E /* Assets.xcassets */; };
		8DBA05382993873E00E3604E /* LaunchScreen.storyboard in Resources */ = {isa = PBXBuildFile; fileRef = 8DBA05362993873E00E3604E /* LaunchScreen.storyboard */; };
		8DD4C84329F3BD9000DD67F3 /* ErrorPresenter.swift in Sources */ = {isa = PBXBuildFile; fileRef = 8DD4C84229F3BD9000DD67F3 /* ErrorPresenter.swift */; };
		8DD760DC29E430AE00C07D2A /* Constants.swift in Sources */ = {isa = PBXBuildFile; fileRef = 8DD760DB29E430AE00C07D2A /* Constants.swift */; };
		8DDE29BE2993BB7200D4A4DD /* ColorsYP.swift in Sources */ = {isa = PBXBuildFile; fileRef = 8DDE29BD2993BB7200D4A4DD /* ColorsYP.swift */; };
		8DDE29C02993C1AC00D4A4DD /* FontsYP.swift in Sources */ = {isa = PBXBuildFile; fileRef = 8DDE29BF2993C1AC00D4A4DD /* FontsYP.swift */; };
		8DDE29C22993DF2E00D4A4DD /* TrackerCell.swift in Sources */ = {isa = PBXBuildFile; fileRef = 8DDE29C12993DF2E00D4A4DD /* TrackerCell.swift */; };
		8DE2666429EF88F8003D9FB1 /* CategoryCellView.swift in Sources */ = {isa = PBXBuildFile; fileRef = 8DE2666329EF88F8003D9FB1 /* CategoryCellView.swift */; };
		8DE6446929EAA61000D1A7B6 /* DependencyContainer.swift in Sources */ = {isa = PBXBuildFile; fileRef = 8DE6446829EAA61000D1A7B6 /* DependencyContainer.swift */; };
		8DEE447D2A3C9EB600780EC6 /* OnboardingViewModel.swift in Sources */ = {isa = PBXBuildFile; fileRef = 8DEE447C2A3C9EB600780EC6 /* OnboardingViewModel.swift */; };
		8DEE447F2A3C9F5C00780EC6 /* OnboardingPage.swift in Sources */ = {isa = PBXBuildFile; fileRef = 8DEE447E2A3C9F5C00780EC6 /* OnboardingPage.swift */; };
		8DEE44812A3C9F9A00780EC6 /* OnboardingPageView.swift in Sources */ = {isa = PBXBuildFile; fileRef = 8DEE44802A3C9F9A00780EC6 /* OnboardingPageView.swift */; };
		8DEE44832A3CB16B00780EC6 /* OnboardingViewController.swift in Sources */ = {isa = PBXBuildFile; fileRef = 8DEE44822A3CB16B00780EC6 /* OnboardingViewController.swift */; };
		8DEE44862A3D45E200780EC6 /* LogService.swift in Sources */ = {isa = PBXBuildFile; fileRef = 8DEE44852A3D45E200780EC6 /* LogService.swift */; };
		8DEE44882A3D7F3800780EC6 /* OnboardingPersistence.swift in Sources */ = {isa = PBXBuildFile; fileRef = 8DEE44872A3D7F3800780EC6 /* OnboardingPersistence.swift */; };
		8DF313A72997283500B7D148 /* TrackerHeader.swift in Sources */ = {isa = PBXBuildFile; fileRef = 8DF313A62997283500B7D148 /* TrackerHeader.swift */; };
		8DF313AA2997507900B7D148 /* Category.swift in Sources */ = {isa = PBXBuildFile; fileRef = 8DF313A92997507900B7D148 /* Category.swift */; };
		8DF313AC29975F7D00B7D148 /* Record.swift in Sources */ = {isa = PBXBuildFile; fileRef = 8DF313AB29975F7D00B7D148 /* Record.swift */; };
		8DF313AE29976BD100B7D148 /* HomeVC.swift in Sources */ = {isa = PBXBuildFile; fileRef = 8DF313AD29976BD100B7D148 /* HomeVC.swift */; };
		8DF313B0299774C600B7D148 /* StatisticVC.swift in Sources */ = {isa = PBXBuildFile; fileRef = 8DF313AF299774C600B7D148 /* StatisticVC.swift */; };
		8DF313B22998AB5800B7D148 /* Placeholder.swift in Sources */ = {isa = PBXBuildFile; fileRef = 8DF313B12998AB5800B7D148 /* Placeholder.swift */; };
/* End PBXBuildFile section */

/* Begin PBXFileReference section */
		8D11528029C1AEA000687C5C /* CoreData.framework */ = {isa = PBXFileReference; lastKnownFileType = wrapper.framework; name = CoreData.framework; path = System/Library/Frameworks/CoreData.framework; sourceTree = SDKROOT; };
		8D11528329C1AEEF00687C5C /* TrackerDataModel.xcdatamodel */ = {isa = PBXFileReference; lastKnownFileType = wrapper.xcdatamodel; path = TrackerDataModel.xcdatamodel; sourceTree = "<group>"; };
		8D11528629C1B5BC00687C5C /* TrackerStore.swift */ = {isa = PBXFileReference; lastKnownFileType = sourcecode.swift; path = TrackerStore.swift; sourceTree = "<group>"; };
		8D11528829C1B5CC00687C5C /* CategoryStore.swift */ = {isa = PBXFileReference; lastKnownFileType = sourcecode.swift; path = CategoryStore.swift; sourceTree = "<group>"; };
		8D11528A29C1B5DE00687C5C /* RecordStore.swift */ = {isa = PBXFileReference; lastKnownFileType = sourcecode.swift; path = RecordStore.swift; sourceTree = "<group>"; };
		8D2A1C07299BC6C000213C8D /* EmojiCell.swift */ = {isa = PBXFileReference; lastKnownFileType = sourcecode.swift; path = EmojiCell.swift; sourceTree = "<group>"; };
		8D2A1C09299C8AE100213C8D /* Header.swift */ = {isa = PBXFileReference; lastKnownFileType = sourcecode.swift; path = Header.swift; sourceTree = "<group>"; };
		8D2A1C0B299CB29A00213C8D /* ListCell.swift */ = {isa = PBXFileReference; lastKnownFileType = sourcecode.swift; path = ListCell.swift; sourceTree = "<group>"; };
		8D2A1C0F299D0BE700213C8D /* SchedulerVC.swift */ = {isa = PBXFileReference; lastKnownFileType = sourcecode.swift; path = SchedulerVC.swift; sourceTree = "<group>"; };
		8D6A94002A3E9E6F00DCED90 /* CategoryViewModel.swift */ = {isa = PBXFileReference; lastKnownFileType = sourcecode.swift; path = CategoryViewModel.swift; sourceTree = "<group>"; };
		8D6A94022A3ED77500DCED90 /* CategoryCellViewModel.swift */ = {isa = PBXFileReference; lastKnownFileType = sourcecode.swift; path = CategoryCellViewModel.swift; sourceTree = "<group>"; };
		8D9A66912A3EEDC3000125AF /* CategoryView.swift */ = {isa = PBXFileReference; lastKnownFileType = sourcecode.swift; path = CategoryView.swift; sourceTree = "<group>"; };
		8D9A66932A3F50D3000125AF /* Observable.swift */ = {isa = PBXFileReference; lastKnownFileType = sourcecode.swift; path = Observable.swift; sourceTree = "<group>"; };
		8D9FF569299E490A009E91A8 /* SchedulerCell.swift */ = {isa = PBXFileReference; lastKnownFileType = sourcecode.swift; path = SchedulerCell.swift; sourceTree = "<group>"; };
		8DA0CB5B299B383F004BFE73 /* Button.swift */ = {isa = PBXFileReference; lastKnownFileType = sourcecode.swift; path = Button.swift; sourceTree = "<group>"; };
		8DA0CB5D299B4C70004BFE73 /* TrackerOrEventVC.swift */ = {isa = PBXFileReference; lastKnownFileType = sourcecode.swift; path = TrackerOrEventVC.swift; sourceTree = "<group>"; };
		8DA0CB60299B9C67004BFE73 /* CreateTrackerVC.swift */ = {isa = PBXFileReference; lastKnownFileType = sourcecode.swift; path = CreateTrackerVC.swift; sourceTree = "<group>"; };
		8DA8DA2929F51C91009AAAC9 /* NewCategoryVC.swift */ = {isa = PBXFileReference; lastKnownFileType = sourcecode.swift; path = NewCategoryVC.swift; sourceTree = "<group>"; };
		8DADE0B0299D3184005942E2 /* InputCell.swift */ = {isa = PBXFileReference; lastKnownFileType = sourcecode.swift; path = InputCell.swift; sourceTree = "<group>"; };
		8DADE0B2299D5530005942E2 /* ColorCell.swift */ = {isa = PBXFileReference; lastKnownFileType = sourcecode.swift; path = ColorCell.swift; sourceTree = "<group>"; };
		8DAE17BA29E63BAD00DFBC9A /* WeekDaysSet.swift */ = {isa = PBXFileReference; lastKnownFileType = sourcecode.swift; path = WeekDaysSet.swift; sourceTree = "<group>"; };
		8DB392A929941B680031D2E1 /* YSDisplay-Medium.ttf */ = {isa = PBXFileReference; lastKnownFileType = file; path = "YSDisplay-Medium.ttf"; sourceTree = "<group>"; };
		8DB392AA29941B680031D2E1 /* YSDisplay-Regular.ttf */ = {isa = PBXFileReference; lastKnownFileType = file; path = "YSDisplay-Regular.ttf"; sourceTree = "<group>"; };
		8DB392AB29941B680031D2E1 /* YSDisplay-Bold.ttf */ = {isa = PBXFileReference; lastKnownFileType = file; path = "YSDisplay-Bold.ttf"; sourceTree = "<group>"; };
		8DB392AF2994D5230031D2E1 /* ShowPreviewUI.swift */ = {isa = PBXFileReference; lastKnownFileType = sourcecode.swift; path = ShowPreviewUI.swift; sourceTree = "<group>"; };
		8DB392B129952B340031D2E1 /* WeekDay.swift */ = {isa = PBXFileReference; lastKnownFileType = sourcecode.swift; path = WeekDay.swift; sourceTree = "<group>"; };
		8DB392B329952DA90031D2E1 /* Tracker.swift */ = {isa = PBXFileReference; lastKnownFileType = sourcecode.swift; path = Tracker.swift; sourceTree = "<group>"; };
		8DBA05282993873E00E3604E /* TrackerApp.app */ = {isa = PBXFileReference; explicitFileType = wrapper.application; includeInIndex = 0; path = TrackerApp.app; sourceTree = BUILT_PRODUCTS_DIR; };
		8DBA052B2993873E00E3604E /* AppDelegate.swift */ = {isa = PBXFileReference; lastKnownFileType = sourcecode.swift; path = AppDelegate.swift; sourceTree = "<group>"; };
		8DBA052D2993873E00E3604E /* SceneDelegate.swift */ = {isa = PBXFileReference; lastKnownFileType = sourcecode.swift; path = SceneDelegate.swift; sourceTree = "<group>"; };
		8DBA052F2993873E00E3604E /* TrackerVС.swift */ = {isa = PBXFileReference; lastKnownFileType = sourcecode.swift; path = "TrackerVС.swift"; sourceTree = "<group>"; };
		8DBA05342993873E00E3604E /* Assets.xcassets */ = {isa = PBXFileReference; lastKnownFileType = folder.assetcatalog; path = Assets.xcassets; sourceTree = "<group>"; };
		8DBA05372993873E00E3604E /* Base */ = {isa = PBXFileReference; lastKnownFileType = file.storyboard; name = Base; path = Base.lproj/LaunchScreen.storyboard; sourceTree = "<group>"; };
		8DBA05392993873E00E3604E /* Info.plist */ = {isa = PBXFileReference; lastKnownFileType = text.plist.xml; path = Info.plist; sourceTree = "<group>"; };
		8DD4C84229F3BD9000DD67F3 /* ErrorPresenter.swift */ = {isa = PBXFileReference; lastKnownFileType = sourcecode.swift; path = ErrorPresenter.swift; sourceTree = "<group>"; };
		8DD760DB29E430AE00C07D2A /* Constants.swift */ = {isa = PBXFileReference; lastKnownFileType = sourcecode.swift; path = Constants.swift; sourceTree = SOURCE_ROOT; };
		8DDE29BD2993BB7200D4A4DD /* ColorsYP.swift */ = {isa = PBXFileReference; lastKnownFileType = sourcecode.swift; path = ColorsYP.swift; sourceTree = "<group>"; };
		8DDE29BF2993C1AC00D4A4DD /* FontsYP.swift */ = {isa = PBXFileReference; lastKnownFileType = sourcecode.swift; path = FontsYP.swift; sourceTree = "<group>"; };
		8DDE29C12993DF2E00D4A4DD /* TrackerCell.swift */ = {isa = PBXFileReference; lastKnownFileType = sourcecode.swift; path = TrackerCell.swift; sourceTree = "<group>"; };
		8DE2666329EF88F8003D9FB1 /* CategoryCellView.swift */ = {isa = PBXFileReference; lastKnownFileType = sourcecode.swift; path = CategoryCellView.swift; sourceTree = "<group>"; };
		8DE6446829EAA61000D1A7B6 /* DependencyContainer.swift */ = {isa = PBXFileReference; lastKnownFileType = sourcecode.swift; path = DependencyContainer.swift; sourceTree = "<group>"; };
		8DEE447C2A3C9EB600780EC6 /* OnboardingViewModel.swift */ = {isa = PBXFileReference; lastKnownFileType = sourcecode.swift; path = OnboardingViewModel.swift; sourceTree = "<group>"; };
		8DEE447E2A3C9F5C00780EC6 /* OnboardingPage.swift */ = {isa = PBXFileReference; lastKnownFileType = sourcecode.swift; path = OnboardingPage.swift; sourceTree = "<group>"; };
		8DEE44802A3C9F9A00780EC6 /* OnboardingPageView.swift */ = {isa = PBXFileReference; lastKnownFileType = sourcecode.swift; path = OnboardingPageView.swift; sourceTree = "<group>"; };
		8DEE44822A3CB16B00780EC6 /* OnboardingViewController.swift */ = {isa = PBXFileReference; lastKnownFileType = sourcecode.swift; path = OnboardingViewController.swift; sourceTree = "<group>"; };
		8DEE44852A3D45E200780EC6 /* LogService.swift */ = {isa = PBXFileReference; lastKnownFileType = sourcecode.swift; path = LogService.swift; sourceTree = "<group>"; };
		8DEE44872A3D7F3800780EC6 /* OnboardingPersistence.swift */ = {isa = PBXFileReference; lastKnownFileType = sourcecode.swift; path = OnboardingPersistence.swift; sourceTree = "<group>"; };
		8DF313A62997283500B7D148 /* TrackerHeader.swift */ = {isa = PBXFileReference; lastKnownFileType = sourcecode.swift; path = TrackerHeader.swift; sourceTree = "<group>"; };
		8DF313A92997507900B7D148 /* Category.swift */ = {isa = PBXFileReference; lastKnownFileType = sourcecode.swift; path = Category.swift; sourceTree = "<group>"; };
		8DF313AB29975F7D00B7D148 /* Record.swift */ = {isa = PBXFileReference; lastKnownFileType = sourcecode.swift; path = Record.swift; sourceTree = "<group>"; };
		8DF313AD29976BD100B7D148 /* HomeVC.swift */ = {isa = PBXFileReference; lastKnownFileType = sourcecode.swift; path = HomeVC.swift; sourceTree = "<group>"; };
		8DF313AF299774C600B7D148 /* StatisticVC.swift */ = {isa = PBXFileReference; lastKnownFileType = sourcecode.swift; path = StatisticVC.swift; sourceTree = "<group>"; };
		8DF313B12998AB5800B7D148 /* Placeholder.swift */ = {isa = PBXFileReference; lastKnownFileType = sourcecode.swift; path = Placeholder.swift; sourceTree = "<group>"; };
/* End PBXFileReference section */

/* Begin PBXFrameworksBuildPhase section */
		8DBA05252993873E00E3604E /* Frameworks */ = {
			isa = PBXFrameworksBuildPhase;
			buildActionMask = 2147483647;
			files = (
				8D11528129C1AEA000687C5C /* CoreData.framework in Frameworks */,
			);
			runOnlyForDeploymentPostprocessing = 0;
		};
/* End PBXFrameworksBuildPhase section */

/* Begin PBXGroup section */
		8D11527F29C1AE9F00687C5C /* Frameworks */ = {
			isa = PBXGroup;
			children = (
				8D11528029C1AEA000687C5C /* CoreData.framework */,
			);
			name = Frameworks;
			sourceTree = "<group>";
		};
		8D11528529C1B5A800687C5C /* CoreData */ = {
			isa = PBXGroup;
			children = (
				8D11528629C1B5BC00687C5C /* TrackerStore.swift */,
				8D11528829C1B5CC00687C5C /* CategoryStore.swift */,
				8D11528A29C1B5DE00687C5C /* RecordStore.swift */,
				8DE6446829EAA61000D1A7B6 /* DependencyContainer.swift */,
			);
			path = CoreData;
			sourceTree = "<group>";
		};
		8D9A66952A3FFB29000125AF /* Category MVVM */ = {
			isa = PBXGroup;
			children = (
				8D9A66962A3FFB52000125AF /* Cell */,
				8D6A94002A3E9E6F00DCED90 /* CategoryViewModel.swift */,
				8D9A66912A3EEDC3000125AF /* CategoryView.swift */,
				8D9A66932A3F50D3000125AF /* Observable.swift */,
			);
			path = "Category MVVM";
			sourceTree = "<group>";
		};
		8D9A66962A3FFB52000125AF /* Cell */ = {
			isa = PBXGroup;
			children = (
				8D6A94022A3ED77500DCED90 /* CategoryCellViewModel.swift */,
				8DE2666329EF88F8003D9FB1 /* CategoryCellView.swift */,
			);
			path = Cell;
			sourceTree = "<group>";
		};
		8DA0CB59299A6377004BFE73 /* DesignSystem */ = {
			isa = PBXGroup;
			children = (
				8DF313B12998AB5800B7D148 /* Placeholder.swift */,
				8DA0CB5B299B383F004BFE73 /* Button.swift */,
				8DDE29BD2993BB7200D4A4DD /* ColorsYP.swift */,
				8DDE29BF2993C1AC00D4A4DD /* FontsYP.swift */,
			);
			path = DesignSystem;
			sourceTree = "<group>";
		};
		8DB392A829941B680031D2E1 /* Fonts */ = {
			isa = PBXGroup;
			children = (
				8DB392A929941B680031D2E1 /* YSDisplay-Medium.ttf */,
				8DB392AA29941B680031D2E1 /* YSDisplay-Regular.ttf */,
				8DB392AB29941B680031D2E1 /* YSDisplay-Bold.ttf */,
			);
			path = Fonts;
			sourceTree = "<group>";
		};
		8DB392B5299536B40031D2E1 /* Models */ = {
			isa = PBXGroup;
			children = (
				8DB392B329952DA90031D2E1 /* Tracker.swift */,
				8DF313A92997507900B7D148 /* Category.swift */,
				8DF313AB29975F7D00B7D148 /* Record.swift */,
				8DB392B129952B340031D2E1 /* WeekDay.swift */,
				8DAE17BA29E63BAD00DFBC9A /* WeekDaysSet.swift */,
				8DEE447E2A3C9F5C00780EC6 /* OnboardingPage.swift */,
			);
			path = Models;
			sourceTree = "<group>";
		};
		8DBA051F2993873E00E3604E = {
			isa = PBXGroup;
			children = (
				8D11528229C1AEEF00687C5C /* TrackerDataModel.xcdatamodeld */,
				8DD760DB29E430AE00C07D2A /* Constants.swift */,
				8DBA052A2993873E00E3604E /* TrackerApp */,
				8DBA05292993873E00E3604E /* Products */,
				8D11527F29C1AE9F00687C5C /* Frameworks */,
			);
			sourceTree = "<group>";
		};
		8DBA05292993873E00E3604E /* Products */ = {
			isa = PBXGroup;
			children = (
				8DBA05282993873E00E3604E /* TrackerApp.app */,
			);
			name = Products;
			sourceTree = "<group>";
		};
		8DBA052A2993873E00E3604E /* TrackerApp */ = {
			isa = PBXGroup;
			children = (
				8D11528529C1B5A800687C5C /* CoreData */,
				8DB392B5299536B40031D2E1 /* Models */,
				8DDE29C32993E1B500D4A4DD /* Scenes */,
				8DA0CB59299A6377004BFE73 /* DesignSystem */,
				8DDE29BA2993B8EA00D4A4DD /* Extensions */,
				8DBA05342993873E00E3604E /* Assets.xcassets */,
				8DB392A829941B680031D2E1 /* Fonts */,
				8DBA05362993873E00E3604E /* LaunchScreen.storyboard */,
				8DBA05392993873E00E3604E /* Info.plist */,
				8DEE44842A3D45C300780EC6 /* Services */,
				8DBA052B2993873E00E3604E /* AppDelegate.swift */,
				8DBA052D2993873E00E3604E /* SceneDelegate.swift */,
			);
			path = TrackerApp;
			sourceTree = "<group>";
		};
		8DC07966299F639F00AC6C10 /* Cells */ = {
			isa = PBXGroup;
			children = (
				8DDE29C12993DF2E00D4A4DD /* TrackerCell.swift */,
				8DF313A62997283500B7D148 /* TrackerHeader.swift */,
				8DADE0B0299D3184005942E2 /* InputCell.swift */,
				8D2A1C0B299CB29A00213C8D /* ListCell.swift */,
				8D2A1C07299BC6C000213C8D /* EmojiCell.swift */,
				8DADE0B2299D5530005942E2 /* ColorCell.swift */,
				8D2A1C09299C8AE100213C8D /* Header.swift */,
				8D9FF569299E490A009E91A8 /* SchedulerCell.swift */,
			);
			path = Cells;
			sourceTree = "<group>";
		};
		8DDE29BA2993B8EA00D4A4DD /* Extensions */ = {
			isa = PBXGroup;
			children = (
				8DB392AF2994D5230031D2E1 /* ShowPreviewUI.swift */,
				8DD4C84229F3BD9000DD67F3 /* ErrorPresenter.swift */,
			);
			path = Extensions;
			sourceTree = "<group>";
		};
		8DDE29C32993E1B500D4A4DD /* Scenes */ = {
			isa = PBXGroup;
			children = (
				8D9A66952A3FFB29000125AF /* Category MVVM */,
				8DEE447B2A3C9E9700780EC6 /* Onboarding */,
				8DC07966299F639F00AC6C10 /* Cells */,
				8DF313AD29976BD100B7D148 /* HomeVC.swift */,
				8DBA052F2993873E00E3604E /* TrackerVС.swift */,
				8DF313AF299774C600B7D148 /* StatisticVC.swift */,
				8DA0CB5D299B4C70004BFE73 /* TrackerOrEventVC.swift */,
				8DA0CB60299B9C67004BFE73 /* CreateTrackerVC.swift */,
				8D2A1C0F299D0BE700213C8D /* SchedulerVC.swift */,
				8DA8DA2929F51C91009AAAC9 /* NewCategoryVC.swift */,
			);
			path = Scenes;
			sourceTree = "<group>";
		};
		8DEE447B2A3C9E9700780EC6 /* Onboarding */ = {
			isa = PBXGroup;
			children = (
				8DEE44802A3C9F9A00780EC6 /* OnboardingPageView.swift */,
				8DEE447C2A3C9EB600780EC6 /* OnboardingViewModel.swift */,
				8DEE44822A3CB16B00780EC6 /* OnboardingViewController.swift */,
			);
			path = Onboarding;
			sourceTree = "<group>";
		};
		8DEE44842A3D45C300780EC6 /* Services */ = {
			isa = PBXGroup;
			children = (
				8DEE44852A3D45E200780EC6 /* LogService.swift */,
				8DEE44872A3D7F3800780EC6 /* OnboardingPersistence.swift */,
			);
			path = Services;
			sourceTree = "<group>";
		};
/* End PBXGroup section */

/* Begin PBXNativeTarget section */
		8DBA05272993873E00E3604E /* TrackerApp */ = {
			isa = PBXNativeTarget;
			buildConfigurationList = 8DBA053C2993873F00E3604E /* Build configuration list for PBXNativeTarget "TrackerApp" */;
			buildPhases = (
				8DBA05242993873E00E3604E /* Sources */,
				8DBA05252993873E00E3604E /* Frameworks */,
				8DBA05262993873E00E3604E /* Resources */,
			);
			buildRules = (
			);
			dependencies = (
			);
			name = TrackerApp;
			productName = TrackerApp;
			productReference = 8DBA05282993873E00E3604E /* TrackerApp.app */;
			productType = "com.apple.product-type.application";
		};
/* End PBXNativeTarget section */

/* Begin PBXProject section */
		8DBA05202993873E00E3604E /* Project object */ = {
			isa = PBXProject;
			attributes = {
				BuildIndependentTargetsInParallel = 1;
				LastSwiftUpdateCheck = 1430;
				LastUpgradeCheck = 1420;
				TargetAttributes = {
					8DBA05272993873E00E3604E = {
						CreatedOnToolsVersion = 14.2;
					};
				};
			};
			buildConfigurationList = 8DBA05232993873E00E3604E /* Build configuration list for PBXProject "TrackerApp" */;
			compatibilityVersion = "Xcode 14.0";
			developmentRegion = en;
			hasScannedForEncodings = 0;
			knownRegions = (
				en,
				Base,
			);
			mainGroup = 8DBA051F2993873E00E3604E;
			productRefGroup = 8DBA05292993873E00E3604E /* Products */;
			projectDirPath = "";
			projectRoot = "";
			targets = (
				8DBA05272993873E00E3604E /* TrackerApp */,
			);
		};
/* End PBXProject section */

/* Begin PBXResourcesBuildPhase section */
		8DBA05262993873E00E3604E /* Resources */ = {
			isa = PBXResourcesBuildPhase;
			buildActionMask = 2147483647;
			files = (
				8DB392AC29941B680031D2E1 /* YSDisplay-Medium.ttf in Resources */,
				8DBA05382993873E00E3604E /* LaunchScreen.storyboard in Resources */,
				8DB392AD29941B680031D2E1 /* YSDisplay-Regular.ttf in Resources */,
				8DBA05352993873E00E3604E /* Assets.xcassets in Resources */,
				8DB392AE29941B680031D2E1 /* YSDisplay-Bold.ttf in Resources */,
			);
			runOnlyForDeploymentPostprocessing = 0;
		};
/* End PBXResourcesBuildPhase section */

/* Begin PBXSourcesBuildPhase section */
		8DBA05242993873E00E3604E /* Sources */ = {
			isa = PBXSourcesBuildPhase;
			buildActionMask = 2147483647;
			files = (
				8DB392B02994D5230031D2E1 /* ShowPreviewUI.swift in Sources */,
				8DF313B0299774C600B7D148 /* StatisticVC.swift in Sources */,
				8DDE29BE2993BB7200D4A4DD /* ColorsYP.swift in Sources */,
				8D2A1C0C299CB29A00213C8D /* ListCell.swift in Sources */,
				8D11528929C1B5CC00687C5C /* CategoryStore.swift in Sources */,
				8D2A1C10299D0BE700213C8D /* SchedulerVC.swift in Sources */,
				8D9A66942A3F50D3000125AF /* Observable.swift in Sources */,
				8DEE447D2A3C9EB600780EC6 /* OnboardingViewModel.swift in Sources */,
				8DA8DA2A29F51C91009AAAC9 /* NewCategoryVC.swift in Sources */,
				8DBA05302993873E00E3604E /* TrackerVС.swift in Sources */,
				8D9A66922A3EEDC3000125AF /* CategoryView.swift in Sources */,
				8DB392B429952DA90031D2E1 /* Tracker.swift in Sources */,
				8DF313AE29976BD100B7D148 /* HomeVC.swift in Sources */,
				8DF313A72997283500B7D148 /* TrackerHeader.swift in Sources */,
				8DADE0B1299D3184005942E2 /* InputCell.swift in Sources */,
				8DA0CB5C299B383F004BFE73 /* Button.swift in Sources */,
				8DF313AC29975F7D00B7D148 /* Record.swift in Sources */,
				8DEE44882A3D7F3800780EC6 /* OnboardingPersistence.swift in Sources */,
				8DD760DC29E430AE00C07D2A /* Constants.swift in Sources */,
				8D9FF56A299E490A009E91A8 /* SchedulerCell.swift in Sources */,
				8DE6446929EAA61000D1A7B6 /* DependencyContainer.swift in Sources */,
				8DE2666429EF88F8003D9FB1 /* CategoryCellView.swift in Sources */,
				8D11528729C1B5BC00687C5C /* TrackerStore.swift in Sources */,
				8DA0CB61299B9C67004BFE73 /* CreateTrackerVC.swift in Sources */,
				8DEE44862A3D45E200780EC6 /* LogService.swift in Sources */,
				8D6A94012A3E9E6F00DCED90 /* CategoryViewModel.swift in Sources */,
				8DEE447F2A3C9F5C00780EC6 /* OnboardingPage.swift in Sources */,
				8DBA052C2993873E00E3604E /* AppDelegate.swift in Sources */,
				8DEE44812A3C9F9A00780EC6 /* OnboardingPageView.swift in Sources */,
				8DD4C84329F3BD9000DD67F3 /* ErrorPresenter.swift in Sources */,
				8DDE29C22993DF2E00D4A4DD /* TrackerCell.swift in Sources */,
				8DEE44832A3CB16B00780EC6 /* OnboardingViewController.swift in Sources */,
				8DA0CB5E299B4C70004BFE73 /* TrackerOrEventVC.swift in Sources */,
				8DAE17BB29E63BAD00DFBC9A /* WeekDaysSet.swift in Sources */,
				8D2A1C0A299C8AE100213C8D /* Header.swift in Sources */,
				8DB392B229952B340031D2E1 /* WeekDay.swift in Sources */,
				8DF313B22998AB5800B7D148 /* Placeholder.swift in Sources */,
				8D6A94032A3ED77500DCED90 /* CategoryCellViewModel.swift in Sources */,
				8D11528429C1AEEF00687C5C /* TrackerDataModel.xcdatamodeld in Sources */,
				8D2A1C08299BC6C000213C8D /* EmojiCell.swift in Sources */,
				8D11528B29C1B5DE00687C5C /* RecordStore.swift in Sources */,
				8DDE29C02993C1AC00D4A4DD /* FontsYP.swift in Sources */,
				8DBA052E2993873E00E3604E /* SceneDelegate.swift in Sources */,
				8DADE0B3299D5530005942E2 /* ColorCell.swift in Sources */,
				8DF313AA2997507900B7D148 /* Category.swift in Sources */,
			);
			runOnlyForDeploymentPostprocessing = 0;
		};
/* End PBXSourcesBuildPhase section */

/* Begin PBXVariantGroup section */
		8DBA05362993873E00E3604E /* LaunchScreen.storyboard */ = {
			isa = PBXVariantGroup;
			children = (
				8DBA05372993873E00E3604E /* Base */,
			);
			name = LaunchScreen.storyboard;
			sourceTree = "<group>";
		};
/* End PBXVariantGroup section */

/* Begin XCBuildConfiguration section */
		8DBA053A2993873F00E3604E /* Debug */ = {
			isa = XCBuildConfiguration;
			buildSettings = {
				ALWAYS_SEARCH_USER_PATHS = NO;
				CLANG_ANALYZER_NONNULL = YES;
				CLANG_ANALYZER_NUMBER_OBJECT_CONVERSION = YES_AGGRESSIVE;
				CLANG_CXX_LANGUAGE_STANDARD = "gnu++20";
				CLANG_ENABLE_MODULES = YES;
				CLANG_ENABLE_OBJC_ARC = YES;
				CLANG_ENABLE_OBJC_WEAK = YES;
				CLANG_WARN_BLOCK_CAPTURE_AUTORELEASING = YES;
				CLANG_WARN_BOOL_CONVERSION = YES;
				CLANG_WARN_COMMA = YES;
				CLANG_WARN_CONSTANT_CONVERSION = YES;
				CLANG_WARN_DEPRECATED_OBJC_IMPLEMENTATIONS = YES;
				CLANG_WARN_DIRECT_OBJC_ISA_USAGE = YES_ERROR;
				CLANG_WARN_DOCUMENTATION_COMMENTS = YES;
				CLANG_WARN_EMPTY_BODY = YES;
				CLANG_WARN_ENUM_CONVERSION = YES;
				CLANG_WARN_INFINITE_RECURSION = YES;
				CLANG_WARN_INT_CONVERSION = YES;
				CLANG_WARN_NON_LITERAL_NULL_CONVERSION = YES;
				CLANG_WARN_OBJC_IMPLICIT_RETAIN_SELF = YES;
				CLANG_WARN_OBJC_LITERAL_CONVERSION = YES;
				CLANG_WARN_OBJC_ROOT_CLASS = YES_ERROR;
				CLANG_WARN_QUOTED_INCLUDE_IN_FRAMEWORK_HEADER = YES;
				CLANG_WARN_RANGE_LOOP_ANALYSIS = YES;
				CLANG_WARN_STRICT_PROTOTYPES = YES;
				CLANG_WARN_SUSPICIOUS_MOVE = YES;
				CLANG_WARN_UNGUARDED_AVAILABILITY = YES_AGGRESSIVE;
				CLANG_WARN_UNREACHABLE_CODE = YES;
				CLANG_WARN__DUPLICATE_METHOD_MATCH = YES;
				COPY_PHASE_STRIP = NO;
				DEBUG_INFORMATION_FORMAT = dwarf;
				ENABLE_STRICT_OBJC_MSGSEND = YES;
				ENABLE_TESTABILITY = YES;
				GCC_C_LANGUAGE_STANDARD = gnu11;
				GCC_DYNAMIC_NO_PIC = NO;
				GCC_NO_COMMON_BLOCKS = YES;
				GCC_OPTIMIZATION_LEVEL = 0;
				GCC_PREPROCESSOR_DEFINITIONS = (
					"DEBUG=1",
					"$(inherited)",
				);
				GCC_WARN_64_TO_32_BIT_CONVERSION = YES;
				GCC_WARN_ABOUT_RETURN_TYPE = YES_ERROR;
				GCC_WARN_UNDECLARED_SELECTOR = YES;
				GCC_WARN_UNINITIALIZED_AUTOS = YES_AGGRESSIVE;
				GCC_WARN_UNUSED_FUNCTION = YES;
				GCC_WARN_UNUSED_VARIABLE = YES;
				IPHONEOS_DEPLOYMENT_TARGET = 16.2;
				MTL_ENABLE_DEBUG_INFO = INCLUDE_SOURCE;
				MTL_FAST_MATH = YES;
				ONLY_ACTIVE_ARCH = YES;
				SDKROOT = iphoneos;
				SWIFT_ACTIVE_COMPILATION_CONDITIONS = DEBUG;
				SWIFT_OPTIMIZATION_LEVEL = "-Onone";
			};
			name = Debug;
		};
		8DBA053B2993873F00E3604E /* Release */ = {
			isa = XCBuildConfiguration;
			buildSettings = {
				ALWAYS_SEARCH_USER_PATHS = NO;
				CLANG_ANALYZER_NONNULL = YES;
				CLANG_ANALYZER_NUMBER_OBJECT_CONVERSION = YES_AGGRESSIVE;
				CLANG_CXX_LANGUAGE_STANDARD = "gnu++20";
				CLANG_ENABLE_MODULES = YES;
				CLANG_ENABLE_OBJC_ARC = YES;
				CLANG_ENABLE_OBJC_WEAK = YES;
				CLANG_WARN_BLOCK_CAPTURE_AUTORELEASING = YES;
				CLANG_WARN_BOOL_CONVERSION = YES;
				CLANG_WARN_COMMA = YES;
				CLANG_WARN_CONSTANT_CONVERSION = YES;
				CLANG_WARN_DEPRECATED_OBJC_IMPLEMENTATIONS = YES;
				CLANG_WARN_DIRECT_OBJC_ISA_USAGE = YES_ERROR;
				CLANG_WARN_DOCUMENTATION_COMMENTS = YES;
				CLANG_WARN_EMPTY_BODY = YES;
				CLANG_WARN_ENUM_CONVERSION = YES;
				CLANG_WARN_INFINITE_RECURSION = YES;
				CLANG_WARN_INT_CONVERSION = YES;
				CLANG_WARN_NON_LITERAL_NULL_CONVERSION = YES;
				CLANG_WARN_OBJC_IMPLICIT_RETAIN_SELF = YES;
				CLANG_WARN_OBJC_LITERAL_CONVERSION = YES;
				CLANG_WARN_OBJC_ROOT_CLASS = YES_ERROR;
				CLANG_WARN_QUOTED_INCLUDE_IN_FRAMEWORK_HEADER = YES;
				CLANG_WARN_RANGE_LOOP_ANALYSIS = YES;
				CLANG_WARN_STRICT_PROTOTYPES = YES;
				CLANG_WARN_SUSPICIOUS_MOVE = YES;
				CLANG_WARN_UNGUARDED_AVAILABILITY = YES_AGGRESSIVE;
				CLANG_WARN_UNREACHABLE_CODE = YES;
				CLANG_WARN__DUPLICATE_METHOD_MATCH = YES;
				COPY_PHASE_STRIP = NO;
				DEBUG_INFORMATION_FORMAT = "dwarf-with-dsym";
				ENABLE_NS_ASSERTIONS = NO;
				ENABLE_STRICT_OBJC_MSGSEND = YES;
				GCC_C_LANGUAGE_STANDARD = gnu11;
				GCC_NO_COMMON_BLOCKS = YES;
				GCC_WARN_64_TO_32_BIT_CONVERSION = YES;
				GCC_WARN_ABOUT_RETURN_TYPE = YES_ERROR;
				GCC_WARN_UNDECLARED_SELECTOR = YES;
				GCC_WARN_UNINITIALIZED_AUTOS = YES_AGGRESSIVE;
				GCC_WARN_UNUSED_FUNCTION = YES;
				GCC_WARN_UNUSED_VARIABLE = YES;
				IPHONEOS_DEPLOYMENT_TARGET = 16.2;
				MTL_ENABLE_DEBUG_INFO = NO;
				MTL_FAST_MATH = YES;
				SDKROOT = iphoneos;
				SWIFT_COMPILATION_MODE = wholemodule;
				SWIFT_OPTIMIZATION_LEVEL = "-O";
				VALIDATE_PRODUCT = YES;
			};
			name = Release;
		};
		8DBA053D2993873F00E3604E /* Debug */ = {
			isa = XCBuildConfiguration;
			buildSettings = {
				ASSETCATALOG_COMPILER_APPICON_NAME = AppIcon;
				ASSETCATALOG_COMPILER_GLOBAL_ACCENT_COLOR_NAME = AccentColor;
				CODE_SIGN_STYLE = Automatic;
				CURRENT_PROJECT_VERSION = 1;
				DEVELOPMENT_TEAM = 4LW96FX5L3;
				GENERATE_INFOPLIST_FILE = YES;
				INFOPLIST_FILE = TrackerApp/Info.plist;
				INFOPLIST_KEY_LSApplicationCategoryType = "public.app-category.productivity";
				INFOPLIST_KEY_UIApplicationSupportsIndirectInputEvents = YES;
				INFOPLIST_KEY_UILaunchStoryboardName = LaunchScreen;
				INFOPLIST_KEY_UISupportedInterfaceOrientations = UIInterfaceOrientationPortrait;
				INFOPLIST_KEY_UISupportedInterfaceOrientations_iPad = "UIInterfaceOrientationLandscapeLeft UIInterfaceOrientationLandscapeRight UIInterfaceOrientationPortrait UIInterfaceOrientationPortraitUpsideDown";
				IPHONEOS_DEPLOYMENT_TARGET = 13.4;
				LD_RUNPATH_SEARCH_PATHS = (
					"$(inherited)",
					"@executable_path/Frameworks",
				);
				MARKETING_VERSION = 1.0;
				PRODUCT_BUNDLE_IDENTIFIER = ru.podarki.TrackerApp;
				PRODUCT_NAME = "$(TARGET_NAME)";
				SUPPORTED_PLATFORMS = "iphoneos iphonesimulator";
				SUPPORTS_MACCATALYST = NO;
				SUPPORTS_MAC_DESIGNED_FOR_IPHONE_IPAD = NO;
				SWIFT_EMIT_LOC_STRINGS = YES;
				SWIFT_VERSION = 5.0;
				TARGETED_DEVICE_FAMILY = 1;
			};
			name = Debug;
		};
		8DBA053E2993873F00E3604E /* Release */ = {
			isa = XCBuildConfiguration;
			buildSettings = {
				ASSETCATALOG_COMPILER_APPICON_NAME = AppIcon;
				ASSETCATALOG_COMPILER_GLOBAL_ACCENT_COLOR_NAME = AccentColor;
				CODE_SIGN_STYLE = Automatic;
				CURRENT_PROJECT_VERSION = 1;
				DEVELOPMENT_TEAM = 4LW96FX5L3;
				GENERATE_INFOPLIST_FILE = YES;
				INFOPLIST_FILE = TrackerApp/Info.plist;
				INFOPLIST_KEY_LSApplicationCategoryType = "public.app-category.productivity";
				INFOPLIST_KEY_UIApplicationSupportsIndirectInputEvents = YES;
				INFOPLIST_KEY_UILaunchStoryboardName = LaunchScreen;
				INFOPLIST_KEY_UISupportedInterfaceOrientations = UIInterfaceOrientationPortrait;
				INFOPLIST_KEY_UISupportedInterfaceOrientations_iPad = "UIInterfaceOrientationLandscapeLeft UIInterfaceOrientationLandscapeRight UIInterfaceOrientationPortrait UIInterfaceOrientationPortraitUpsideDown";
				IPHONEOS_DEPLOYMENT_TARGET = 13.4;
				LD_RUNPATH_SEARCH_PATHS = (
					"$(inherited)",
					"@executable_path/Frameworks",
				);
				MARKETING_VERSION = 1.0;
				PRODUCT_BUNDLE_IDENTIFIER = ru.podarki.TrackerApp;
				PRODUCT_NAME = "$(TARGET_NAME)";
				SUPPORTED_PLATFORMS = "iphoneos iphonesimulator";
				SUPPORTS_MACCATALYST = NO;
				SUPPORTS_MAC_DESIGNED_FOR_IPHONE_IPAD = NO;
				SWIFT_EMIT_LOC_STRINGS = YES;
				SWIFT_VERSION = 5.0;
				TARGETED_DEVICE_FAMILY = 1;
			};
			name = Release;
		};
/* End XCBuildConfiguration section */

/* Begin XCConfigurationList section */
		8DBA05232993873E00E3604E /* Build configuration list for PBXProject "TrackerApp" */ = {
			isa = XCConfigurationList;
			buildConfigurations = (
				8DBA053A2993873F00E3604E /* Debug */,
				8DBA053B2993873F00E3604E /* Release */,
			);
			defaultConfigurationIsVisible = 0;
			defaultConfigurationName = Release;
		};
		8DBA053C2993873F00E3604E /* Build configuration list for PBXNativeTarget "TrackerApp" */ = {
			isa = XCConfigurationList;
			buildConfigurations = (
				8DBA053D2993873F00E3604E /* Debug */,
				8DBA053E2993873F00E3604E /* Release */,
			);
			defaultConfigurationIsVisible = 0;
			defaultConfigurationName = Release;
		};
/* End XCConfigurationList section */

/* Begin XCVersionGroup section */
		8D11528229C1AEEF00687C5C /* TrackerDataModel.xcdatamodeld */ = {
			isa = XCVersionGroup;
			children = (
				8D11528329C1AEEF00687C5C /* TrackerDataModel.xcdatamodel */,
			);
			currentVersion = 8D11528329C1AEEF00687C5C /* TrackerDataModel.xcdatamodel */;
			path = TrackerDataModel.xcdatamodeld;
			sourceTree = "<group>";
			versionGroupType = wrapper.xcdatamodel;
		};
/* End XCVersionGroup section */
	};
	rootObject = 8DBA05202993873E00E3604E /* Project object */;
}
